
Microsoft Visual Studio Solution File, Format Version 12.00
# Visual Studio Version 16
VisualStudioVersion = 16.0.30907.101
MinimumVisualStudioVersion = 10.0.40219.1
Project("{9A19103F-16F7-4668-BE54-9A1E7A4F7556}") = "BlazorDemo2.Server", "Server\BlazorDemo2.Server.csproj", "{E1075504-8825-4E2D-A5A4-6E9BF8371519}"
EndProject
Project("{9A19103F-16F7-4668-BE54-9A1E7A4F7556}") = "BlazorDemo2.Client", "Client\BlazorDemo2.Client.csproj", "{7F4AE694-F87D-4C2D-A549-B027FD32E682}"
EndProject
Project("{9A19103F-16F7-4668-BE54-9A1E7A4F7556}") = "BlazorDemo2.Shared", "Shared\BlazorDemo2.Shared.csproj", "{12C1BE8A-6085-4132-AB26-68D463AF0D78}"
EndProject
Global
	GlobalSection(SolutionConfigurationPlatforms) = preSolution
		Debug|Any CPU = Debug|Any CPU
		Release|Any CPU = Release|Any CPU
	EndGlobalSection
	GlobalSection(ProjectConfigurationPlatforms) = postSolution
		{E1075504-8825-4E2D-A5A4-6E9BF8371519}.Debug|Any CPU.ActiveCfg = Debug|Any CPU
		{E1075504-8825-4E2D-A5A4-6E9BF8371519}.Debug|Any CPU.Build.0 = Debug|Any CPU
		{E1075504-8825-4E2D-A5A4-6E9BF8371519}.Release|Any CPU.ActiveCfg = Release|Any CPU
		{E1075504-8825-4E2D-A5A4-6E9BF8371519}.Release|Any CPU.Build.0 = Release|Any CPU
		{7F4AE694-F87D-4C2D-A549-B027FD32E682}.Debug|Any CPU.ActiveCfg = Debug|Any CPU
		{7F4AE694-F87D-4C2D-A549-B027FD32E682}.Debug|Any CPU.Build.0 = Debug|Any CPU
		{7F4AE694-F87D-4C2D-A549-B027FD32E682}.Release|Any CPU.ActiveCfg = Release|Any CPU
		{7F4AE694-F87D-4C2D-A549-B027FD32E682}.Release|Any CPU.Build.0 = Release|Any CPU
		{12C1BE8A-6085-4132-AB26-68D463AF0D78}.Debug|Any CPU.ActiveCfg = Debug|Any CPU
		{12C1BE8A-6085-4132-AB26-68D463AF0D78}.Debug|Any CPU.Build.0 = Debug|Any CPU
		{12C1BE8A-6085-4132-AB26-68D463AF0D78}.Release|Any CPU.ActiveCfg = Release|Any CPU
		{12C1BE8A-6085-4132-AB26-68D463AF0D78}.Release|Any CPU.Build.0 = Release|Any CPU
	EndGlobalSection
	GlobalSection(SolutionProperties) = preSolution
		HideSolutionNode = FALSE
	EndGlobalSection
	GlobalSection(ExtensibilityGlobals) = postSolution
		SolutionGuid = {DC4C204D-9C54-4933-BB16-EC5FF43156C7}
	EndGlobalSection
EndGlobal
